Microsoft Visual Studio Solution File, Format Version 12.00
# Visual Studio Version 17
VisualStudioVersion = 17.0.31903.59
MinimumVisualStudioVersion = 10.0.40219.1
Project("{FAE04EC0-301F-11D3-BF4B-00C04F79EFBC}") = "FitTracker.Api", "FitTracker.Api\FitTracker.Api.csproj", "{9B7F90C5-531F-4768-BEDC-386EF43AC2BB}"
EndProject
Project("{FAE04EC0-301F-11D3-BF4B-00C04F79EFBC}") = "FitTracker.Api.Tests", "FitTracker.Api.Tests\FitTracker.Api.Tests.csproj", "{31ABB511-50D6-4698-8A1E-C10234906460}"
EndProject
Global
	GlobalSection(SolutionConfigurationPlatforms) = preSolution
		Debug|Any CPU = Debug|Any CPU
		Release|Any CPU = Release|Any CPU
	EndGlobalSection
	GlobalSection(SolutionProperties) = preSolution
		HideSolutionNode = FALSE
	EndGlobalSection
	GlobalSection(ProjectConfigurationPlatforms) = postSolution
		{9B7F90C5-531F-4768-BEDC-386EF43AC2BB}.Debug|Any CPU.ActiveCfg = Debug|Any CPU
		{9B7F90C5-531F-4768-BEDC-386EF43AC2BB}.Debug|Any CPU.Build.0 = Debug|Any CPU
		{9B7F90C5-531F-4768-BEDC-386EF43AC2BB}.Release|Any CPU.ActiveCfg = Release|Any CPU
		{9B7F90C5-531F-4768-BEDC-386EF43AC2BB}.Release|Any CPU.Build.0 = Release|Any CPU
		{31ABB511-50D6-4698-8A1E-C10234906460}.Debug|Any CPU.ActiveCfg = Debug|Any CPU
		{31ABB511-50D6-4698-8A1E-C10234906460}.Debug|Any CPU.Build.0 = Debug|Any CPU
		{31ABB511-50D6-4698-8A1E-C10234906460}.Release|Any CPU.ActiveCfg = Release|Any CPU
		{31ABB511-50D6-4698-8A1E-C10234906460}.Release|Any CPU.Build.0 = Release|Any CPU
	EndGlobalSection
EndGlobal
